// !$*UTF8*$!
{
	archiveVersion = 1;
	classes = {
	};
	objectVersion = 56;
	objects = {

/* Begin PBXBuildFile section */
		40FCD73C2E29B273007AB9F6 /* desafio11_intrgrandoIAApp.swift in Sources */ = {isa = PBXBuildFile; fileRef = 40FCD73B2E29B273007AB9F6 /* desafio11_intrgrandoIAApp.swift */; };
		40FCD73E2E29B273007AB9F6 /* ContentView.swift in Sources */ = {isa = PBXBuildFile; fileRef = 40FCD73D2E29B273007AB9F6 /* ContentView.swift */; };
		40FCD7402E29B275007AB9F6 /* Assets.xcassets in Resources */ = {isa = PBXBuildFile; fileRef = 40FCD73F2E29B275007AB9F6 /* Assets.xcassets */; };
		40FCD7432E29B275007AB9F6 /* Preview Assets.xcassets in Resources */ = {isa = PBXBuildFile; fileRef = 40FCD7422E29B275007AB9F6 /* Preview Assets.xcassets */; };
		40FCD74B2E29B2AB007AB9F6 /* GoogleGenerativeAI in Frameworks */ = {isa = PBXBuildFile; productRef = 40FCD74A2E29B2AB007AB9F6 /* GoogleGenerativeAI */; };
		40FCD74D2E29B335007AB9F6 /* GenerateIA-Info.plist in Resources */ = {isa = PBXBuildFile; fileRef = 40FCD74C2E29B335007AB9F6 /* GenerateIA-Info.plist */; };
		40FCD74F2E29B3A3007AB9F6 /* APIKey.swift in Sources */ = {isa = PBXBuildFile; fileRef = 40FCD74E2E29B3A3007AB9F6 /* APIKey.swift */; };
/* End PBXBuildFile section */

/* Begin PBXFileReference section */
		40FCD7382E29B273007AB9F6 /* desafio11-intrgrandoIA.app */ = {isa = PBXFileReference; explicitFileType = wrapper.application; includeInIndex = 0; path = "desafio11-intrgrandoIA.app"; sourceTree = BUILT_PRODUCTS_DIR; };
		40FCD73B2E29B273007AB9F6 /* desafio11_intrgrandoIAApp.swift */ = {isa = PBXFileReference; lastKnownFileType = sourcecode.swift; path = desafio11_intrgrandoIAApp.swift; sourceTree = "<group>"; };
		40FCD73D2E29B273007AB9F6 /* ContentView.swift */ = {isa = PBXFileReference; lastKnownFileType = sourcecode.swift; path = ContentView.swift; sourceTree = "<group>"; };
		40FCD73F2E29B275007AB9F6 /* Assets.xcassets */ = {isa = PBXFileReference; lastKnownFileType = folder.assetcatalog; path = Assets.xcassets; sourceTree = "<group>"; };
		40FCD7422E29B275007AB9F6 /* Preview Assets.xcassets */ = {isa = PBXFileReference; lastKnownFileType = folder.assetcatalog; path = "Preview Assets.xcassets"; sourceTree = "<group>"; };
		40FCD74C2E29B335007AB9F6 /* GenerateIA-Info.plist */ = {isa = PBXFileReference; lastKnownFileType = text.plist.xml; path = "GenerateIA-Info.plist"; sourceTree = "<group>"; };
		40FCD74E2E29B3A3007AB9F6 /* APIKey.swift */ = {isa = PBXFileReference; lastKnownFileType = sourcecode.swift; path = APIKey.swift; sourceTree = "<group>"; };
/* End PBXFileReference section */

/* Begin PBXFrameworksBuildPhase section */
		40FCD7352E29B273007AB9F6 /* Frameworks */ = {
			isa = PBXFrameworksBuildPhase;
			buildActionMask = 2147483647;
			files = (
				40FCD74B2E29B2AB007AB9F6 /* GoogleGenerativeAI in Frameworks */,
			);
			runOnlyForDeploymentPostprocessing = 0;
		};
/* End PBXFrameworksBuildPhase section */

/* Begin PBXGroup section */
		40FCD72F2E29B273007AB9F6 = {
			isa = PBXGroup;
			children = (
				40FCD73A2E29B273007AB9F6 /* desafio11-intrgrandoIA */,
				40FCD7392E29B273007AB9F6 /* Products */,
			);
			sourceTree = "<group>";
		};
		40FCD7392E29B273007AB9F6 /* Products */ = {
			isa = PBXGroup;
			children = (
				40FCD7382E29B273007AB9F6 /* desafio11-intrgrandoIA.app */,
			);
			name = Products;
			sourceTree = "<group>";
		};
		40FCD73A2E29B273007AB9F6 /* desafio11-intrgrandoIA */ = {
			isa = PBXGroup;
			children = (
				40FCD73B2E29B273007AB9F6 /* desafio11_intrgrandoIAApp.swift */,
				40FCD74E2E29B3A3007AB9F6 /* APIKey.swift */,
				40FCD73D2E29B273007AB9F6 /* ContentView.swift */,
				40FCD74C2E29B335007AB9F6 /* GenerateIA-Info.plist */,
				40FCD73F2E29B275007AB9F6 /* Assets.xcassets */,
				40FCD7412E29B275007AB9F6 /* Preview Content */,
			);
			path = "desafio11-intrgrandoIA";
			sourceTree = "<group>";
		};
		40FCD7412E29B275007AB9F6 /* Preview Content */ = {
			isa = PBXGroup;
			children = (
				40FCD7422E29B275007AB9F6 /* Preview Assets.xcassets */,
			);
			path = "Preview Content";
			sourceTree = "<group>";
		};
/* End PBXGroup section */

/* Begin PBXNativeTarget section */
		40FCD7372E29B273007AB9F6 /* desafio11-intrgrandoIA */ = {
			isa = PBXNativeTarget;
			buildConfigurationList = 40FCD7462E29B275007AB9F6 /* Build configuration list for PBXNativeTarget "desafio11-intrgrandoIA" */;
			buildPhases = (
				40FCD7342E29B273007AB9F6 /* Sources */,
				40FCD7352E29B273007AB9F6 /* Frameworks */,
				40FCD7362E29B273007AB9F6 /* Resources */,
			);
			buildRules = (
			);
			dependencies = (
			);
			name = "desafio11-intrgrandoIA";
			packageProductDependencies = (
				40FCD74A2E29B2AB007AB9F6 /* GoogleGenerativeAI */,
			);
			productName = "desafio11-intrgrandoIA";
			productReference = 40FCD7382E29B273007AB9F6 /* desafio11-intrgrandoIA.app */;
			productType = "com.apple.product-type.application";
		};
/* End PBXNativeTarget section */

/* Begin PBXProject section */
		40FCD7302E29B273007AB9F6 /* Project object */ = {
			isa = PBXProject;
			attributes = {
				BuildIndependentTargetsInParallel = 1;
				LastSwiftUpdateCheck = 1540;
				LastUpgradeCheck = 1540;
				TargetAttributes = {
					40FCD7372E29B273007AB9F6 = {
						CreatedOnToolsVersion = 15.4;
					};
				};
			};
			buildConfigurationList = 40FCD7332E29B273007AB9F6 /* Build configuration list for PBXProject "desafio11-intrgrandoIA" */;
			compatibilityVersion = "Xcode 14.0";
			developmentRegion = en;
			hasScannedForEncodings = 0;
			knownRegions = (
				en,
				Base,
			);
			mainGroup = 40FCD72F2E29B273007AB9F6;
			packageReferences = (
				40FCD7492E29B2AB007AB9F6 /* XCRemoteSwiftPackageReference "deprecated-generative-ai-swift" */,
			);
			productRefGroup = 40FCD7392E29B273007AB9F6 /* Products */;
			projectDirPath = "";
			projectRoot = "";
			targets = (
				40FCD7372E29B273007AB9F6 /* desafio11-intrgrandoIA */,
			);
		};
/* End PBXProject section */

/* Begin PBXResourcesBuildPhase section */
		40FCD7362E29B273007AB9F6 /* Resources */ = {
			isa = PBXResourcesBuildPhase;
			buildActionMask = 2147483647;
			files = (
				40FCD74D2E29B335007AB9F6 /* GenerateIA-Info.plist in Resources */,
				40FCD7432E29B275007AB9F6 /* Preview Assets.xcassets in Resources */,
				40FCD7402E29B275007AB9F6 /* Assets.xcassets in Resources */,
			);
			runOnlyForDeploymentPostprocessing = 0;
		};
/* End PBXResourcesBuildPhase section */

/* Begin PBXSourcesBuildPhase section */
		40FCD7342E29B273007AB9F6 /* Sources */ = {
			isa = PBXSourcesBuildPhase;
			buildActionMask = 2147483647;
			files = (
				40FCD73E2E29B273007AB9F6 /* ContentView.swift in Sources */,
				40FCD74F2E29B3A3007AB9F6 /* APIKey.swift in Sources */,
				40FCD73C2E29B273007AB9F6 /* desafio11_intrgrandoIAApp.swift in Sources */,
			);
			runOnlyForDeploymentPostprocessing = 0;
		};
/* End PBXSourcesBuildPhase section */

/* Begin XCBuildConfiguration section */
		40FCD7442E29B275007AB9F6 /* Debug */ = {
			isa = XCBuildConfiguration;
			buildSettings = {
				ALWAYS_SEARCH_USER_PATHS = NO;
				ASSETCATALOG_COMPILER_GENERATE_SWIFT_ASSET_SYMBOL_EXTENSIONS = YES;
				CLANG_ANALYZER_NONNULL = YES;
				CLANG_ANALYZER_NUMBER_OBJECT_CONVERSION = YES_AGGRESSIVE;
				CLANG_CXX_LANGUAGE_STANDARD = "gnu++20";
				CLANG_ENABLE_MODULES = YES;
				CLANG_ENABLE_OBJC_ARC = YES;
				CLANG_ENABLE_OBJC_WEAK = YES;
				CLANG_WARN_BLOCK_CAPTURE_AUTORELEASING = YES;
				CLANG_WARN_BOOL_CONVERSION = YES;
				CLANG_WARN_COMMA = YES;
				CLANG_WARN_CONSTANT_CONVERSION = YES;
				CLANG_WARN_DEPRECATED_OBJC_IMPLEMENTATIONS = YES;
				CLANG_WARN_DIRECT_OBJC_ISA_USAGE = YES_ERROR;
				CLANG_WARN_DOCUMENTATION_COMMENTS = YES;
				CLANG_WARN_EMPTY_BODY = YES;
				CLANG_WARN_ENUM_CONVERSION = YES;
				CLANG_WARN_INFINITE_RECURSION = YES;
				CLANG_WARN_INT_CONVERSION = YES;
				CLANG_WARN_NON_LITERAL_NULL_CONVERSION = YES;
				CLANG_WARN_OBJC_IMPLICIT_RETAIN_SELF = YES;
				CLANG_WARN_OBJC_LITERAL_CONVERSION = YES;
				CLANG_WARN_OBJC_ROOT_CLASS = YES_ERROR;
				CLANG_WARN_QUOTED_INCLUDE_IN_FRAMEWORK_HEADER = YES;
				CLANG_WARN_RANGE_LOOP_ANALYSIS = YES;
				CLANG_WARN_STRICT_PROTOTYPES = YES;
				CLANG_WARN_SUSPICIOUS_MOVE = YES;
				CLANG_WARN_UNGUARDED_AVAILABILITY = YES_AGGRESSIVE;
				CLANG_WARN_UNREACHABLE_CODE = YES;
				CLANG_WARN__DUPLICATE_METHOD_MATCH = YES;
				COPY_PHASE_STRIP = NO;
				DEBUG_INFORMATION_FORMAT = dwarf;
				ENABLE_STRICT_OBJC_MSGSEND = YES;
				ENABLE_TESTABILITY = YES;
				ENABLE_USER_SCRIPT_SANDBOXING = YES;
				GCC_C_LANGUAGE_STANDARD = gnu17;
				GCC_DYNAMIC_NO_PIC = NO;
				GCC_NO_COMMON_BLOCKS = YES;
				GCC_OPTIMIZATION_LEVEL = 0;
				GCC_PREPROCESSOR_DEFINITIONS = (
					"DEBUG=1",
					"$(inherited)",
				);
				GCC_WARN_64_TO_32_BIT_CONVERSION = YES;
				GCC_WARN_ABOUT_RETURN_TYPE = YES_ERROR;
				GCC_WARN_UNDECLARED_SELECTOR = YES;
				GCC_WARN_UNINITIALIZED_AUTOS = YES_AGGRESSIVE;
				GCC_WARN_UNUSED_FUNCTION = YES;
				GCC_WARN_UNUSED_VARIABLE = YES;
				IPHONEOS_DEPLOYMENT_TARGET = 17.5;
				LOCALIZATION_PREFERS_STRING_CATALOGS = YES;
				MTL_ENABLE_DEBUG_INFO = INCLUDE_SOURCE;
				MTL_FAST_MATH = YES;
				ONLY_ACTIVE_ARCH = YES;
				SDKROOT = iphoneos;
				SWIFT_ACTIVE_COMPILATION_CONDITIONS = "DEBUG $(inherited)";
				SWIFT_OPTIMIZATION_LEVEL = "-Onone";
			};
			name = Debug;
		};
		40FCD7452E29B275007AB9F6 /* Release */ = {
			isa = XCBuildConfiguration;
			buildSettings = {
				ALWAYS_SEARCH_USER_PATHS = NO;
				ASSETCATALOG_COMPILER_GENERATE_SWIFT_ASSET_SYMBOL_EXTENSIONS = YES;
				CLANG_ANALYZER_NONNULL = YES;
				CLANG_ANALYZER_NUMBER_OBJECT_CONVERSION = YES_AGGRESSIVE;
				CLANG_CXX_LANGUAGE_STANDARD = "gnu++20";
				CLANG_ENABLE_MODULES = YES;
				CLANG_ENABLE_OBJC_ARC = YES;
				CLANG_ENABLE_OBJC_WEAK = YES;
				CLANG_WARN_BLOCK_CAPTURE_AUTORELEASING = YES;
				CLANG_WARN_BOOL_CONVERSION = YES;
				CLANG_WARN_COMMA = YES;
				CLANG_WARN_CONSTANT_CONVERSION = YES;
				CLANG_WARN_DEPRECATED_OBJC_IMPLEMENTATIONS = YES;
				CLANG_WARN_DIRECT_OBJC_ISA_USAGE = YES_ERROR;
				CLANG_WARN_DOCUMENTATION_COMMENTS = YES;
				CLANG_WARN_EMPTY_BODY = YES;
				CLANG_WARN_ENUM_CONVERSION = YES;
				CLANG_WARN_INFINITE_RECURSION = YES;
				CLANG_WARN_INT_CONVERSION = YES;
				CLANG_WARN_NON_LITERAL_NULL_CONVERSION = YES;
				CLANG_WARN_OBJC_IMPLICIT_RETAIN_SELF = YES;
				CLANG_WARN_OBJC_LITERAL_CONVERSION = YES;
				CLANG_WARN_OBJC_ROOT_CLASS = YES_ERROR;
				CLANG_WARN_QUOTED_INCLUDE_IN_FRAMEWORK_HEADER = YES;
				CLANG_WARN_RANGE_LOOP_ANALYSIS = YES;
				CLANG_WARN_STRICT_PROTOTYPES = YES;
				CLANG_WARN_SUSPICIOUS_MOVE = YES;
				CLANG_WARN_UNGUARDED_AVAILABILITY = YES_AGGRESSIVE;
				CLANG_WARN_UNREACHABLE_CODE = YES;
				CLANG_WARN__DUPLICATE_METHOD_MATCH = YES;
				COPY_PHASE_STRIP = NO;
				DEBUG_INFORMATION_FORMAT = "dwarf-with-dsym";
				ENABLE_NS_ASSERTIONS = NO;
				ENABLE_STRICT_OBJC_MSGSEND = YES;
				ENABLE_USER_SCRIPT_SANDBOXING = YES;
				GCC_C_LANGUAGE_STANDARD = gnu17;
				GCC_NO_COMMON_BLOCKS = YES;
				GCC_WARN_64_TO_32_BIT_CONVERSION = YES;
				GCC_WARN_ABOUT_RETURN_TYPE = YES_ERROR;
				GCC_WARN_UNDECLARED_SELECTOR = YES;
				GCC_WARN_UNINITIALIZED_AUTOS = YES_AGGRESSIVE;
				GCC_WARN_UNUSED_FUNCTION = YES;
				GCC_WARN_UNUSED_VARIABLE = YES;
				IPHONEOS_DEPLOYMENT_TARGET = 17.5;
				LOCALIZATION_PREFERS_STRING_CATALOGS = YES;
				MTL_ENABLE_DEBUG_INFO = NO;
				MTL_FAST_MATH = YES;
				SDKROOT = iphoneos;
				SWIFT_COMPILATION_MODE = wholemodule;
				VALIDATE_PRODUCT = YES;
			};
			name = Release;
		};
		40FCD7472E29B275007AB9F6 /* Debug */ = {
			isa = XCBuildConfiguration;
			buildSettings = {
				ASSETCATALOG_COMPILER_APPICON_NAME = AppIcon;
				ASSETCATALOG_COMPILER_GLOBAL_ACCENT_COLOR_NAME = AccentColor;
				CODE_SIGN_STYLE = Automatic;
				CURRENT_PROJECT_VERSION = 1;
				DEVELOPMENT_ASSET_PATHS = "\"desafio11-intrgrandoIA/Preview Content\"";
				ENABLE_PREVIEWS = YES;
				GENERATE_INFOPLIST_FILE = YES;
				INFOPLIST_KEY_UIApplicationSceneManifest_Generation = YES;
				INFOPLIST_KEY_UIApplicationSupportsIndirectInputEvents = YES;
				INFOPLIST_KEY_UILaunchScreen_Generation = YES;
				INFOPLIST_KEY_UISupportedInterfaceOrientations_iPad = "UIInterfaceOrientationPortrait UIInterfaceOrientationPortraitUpsideDown UIInterfaceOrientationLandscapeLeft UIInterfaceOrientationLandscapeRight";
				INFOPLIST_KEY_UISupportedInterfaceOrientations_iPhone = "UIInterfaceOrientationPortrait UIInterfaceOrientationLandscapeLeft UIInterfaceOrientationLandscapeRight";
				LD_RUNPATH_SEARCH_PATHS = (
					"$(inherited)",
					"@executable_path/Frameworks",
				);
				MARKETING_VERSION = 1.0;
				PRODUCT_BUNDLE_IDENTIFIER = "lucasfilipe.desafio11-intrgrandoIA";
				PRODUCT_NAME = "$(TARGET_NAME)";
				SWIFT_EMIT_LOC_STRINGS = YES;
				SWIFT_VERSION = 5.0;
				TARGETED_DEVICE_FAMILY = "1,2";
			};
			name = Debug;
		};
		40FCD7482E29B275007AB9F6 /* Release */ = {
			isa = XCBuildConfiguration;
			buildSettings = {
				ASSETCATALOG_COMPILER_APPICON_NAME = AppIcon;
				ASSETCATALOG_COMPILER_GLOBAL_ACCENT_COLOR_NAME = AccentColor;
				CODE_SIGN_STYLE = Automatic;
				CURRENT_PROJECT_VERSION = 1;
				DEVELOPMENT_ASSET_PATHS = "\"desafio11-intrgrandoIA/Preview Content\"";
				ENABLE_PREVIEWS = YES;
				GENERATE_INFOPLIST_FILE = YES;
				INFOPLIST_KEY_UIApplicationSceneManifest_Generation = YES;
				INFOPLIST_KEY_UIApplicationSupportsIndirectInputEvents = YES;
				INFOPLIST_KEY_UILaunchScreen_Generation = YES;
				INFOPLIST_KEY_UISupportedInterfaceOrientations_iPad = "UIInterfaceOrientationPortrait UIInterfaceOrientationPortraitUpsideDown UIInterfaceOrientationLandscapeLeft UIInterfaceOrientationLandscapeRight";
				INFOPLIST_KEY_UISupportedInterfaceOrientations_iPhone = "UIInterfaceOrientationPortrait UIInterfaceOrientationLandscapeLeft UIInterfaceOrientationLandscapeRight";
				LD_RUNPATH_SEARCH_PATHS = (
					"$(inherited)",
					"@executable_path/Frameworks",
				);
				MARKETING_VERSION = 1.0;
				PRODUCT_BUNDLE_IDENTIFIER = "lucasfilipe.desafio11-intrgrandoIA";
				PRODUCT_NAME = "$(TARGET_NAME)";
				SWIFT_EMIT_LOC_STRINGS = YES;
				SWIFT_VERSION = 5.0;
				TARGETED_DEVICE_FAMILY = "1,2";
			};
			name = Release;
		};
/* End XCBuildConfiguration section */

/* Begin XCConfigurationList section */
		40FCD7332E29B273007AB9F6 /* Build configuration list for PBXProject "desafio11-intrgrandoIA" */ = {
			isa = XCConfigurationList;
			buildConfigurations = (
				40FCD7442E29B275007AB9F6 /* Debug */,
				40FCD7452E29B275007AB9F6 /* Release */,
			);
			defaultConfigurationIsVisible = 0;
			defaultConfigurationName = Release;
		};
		40FCD7462E29B275007AB9F6 /* Build configuration list for PBXNativeTarget "desafio11-intrgrandoIA" */ = {
			isa = XCConfigurationList;
			buildConfigurations = (
				40FCD7472E29B275007AB9F6 /* Debug */,
				40FCD7482E29B275007AB9F6 /* Release */,
			);
			defaultConfigurationIsVisible = 0;
			defaultConfigurationName = Release;
		};
/* End XCConfigurationList section */

/* Begin XCRemoteSwiftPackageReference section */
		40FCD7492E29B2AB007AB9F6 /* XCRemoteSwiftPackageReference "deprecated-generative-ai-swift" */ = {
			isa = XCRemoteSwiftPackageReference;
			repositoryURL = "https://github.com/google-gemini/deprecated-generative-ai-swift";
			requirement = {
				kind = upToNextMajorVersion;
				minimumVersion = 0.5.6;
			};
		};
/* End XCRemoteSwiftPackageReference section */

/* Begin XCSwiftPackageProductDependency section */
		40FCD74A2E29B2AB007AB9F6 /* GoogleGenerativeAI */ = {
			isa = XCSwiftPackageProductDependency;
			package = 40FCD7492E29B2AB007AB9F6 /* XCRemoteSwiftPackageReference "deprecated-generative-ai-swift" */;
			productName = GoogleGenerativeAI;
		};
/* End XCSwiftPackageProductDependency section */
	};
	rootObject = 40FCD7302E29B273007AB9F6 /* Project object */;
}
